
Microsoft Visual Studio Solution File, Format Version 12.00
# Visual Studio 15
VisualStudioVersion = 15.0.28010.2036
MinimumVisualStudioVersion = 10.0.40219.1
Project("{FAE04EC0-301F-11D3-BF4B-00C04F79EFBC}") = "Sedmica na razlichni ezici lol", "23.11.2018\Sedmica na razlichni ezici lol.csproj", "{EF9B963E-BD0F-4F51-BF93-E2C25E76CD50}"
EndProject
Global
	GlobalSection(SolutionConfigurationPlatforms) = preSolution
		Debug|Any CPU = Debug|Any CPU
		Release|Any CPU = Release|Any CPU
	EndGlobalSection
	GlobalSection(ProjectConfigurationPlatforms) = postSolution
		{EF9B963E-BD0F-4F51-BF93-E2C25E76CD50}.Debug|Any CPU.ActiveCfg = Debug|Any CPU
		{EF9B963E-BD0F-4F51-BF93-E2C25E76CD50}.Debug|Any CPU.Build.0 = Debug|Any CPU
		{EF9B963E-BD0F-4F51-BF93-E2C25E76CD50}.Release|Any CPU.ActiveCfg = Release|Any CPU
		{EF9B963E-BD0F-4F51-BF93-E2C25E76CD50}.Release|Any CPU.Build.0 = Release|Any CPU
	EndGlobalSection
	GlobalSection(SolutionProperties) = preSolution
		HideSolutionNode = FALSE
	EndGlobalSection
	GlobalSection(ExtensibilityGlobals) = postSolution
		SolutionGuid = {75C691AD-6C16-4A1E-8A6F-B648294F7BF1}
	EndGlobalSection
EndGlobal
