
Microsoft Visual Studio Solution File, Format Version 12.00
# Visual Studio 15
VisualStudioVersion = 15.0.28010.2036
MinimumVisualStudioVersion = 10.0.40219.1
Project("{FAE04EC0-301F-11D3-BF4B-00C04F79EFBC}") = "Обиколка и лице на триъгълник", "27.09.2018\Обиколка и лице на триъгълник.csproj", "{39477B8C-69B5-4C41-85FC-2EB5617FBB6B}"
EndProject
Project("{FAE04EC0-301F-11D3-BF4B-00C04F79EFBC}") = "Обиколка и лице на кръг", "Обиколка и лице на кръг\Обиколка и лице на кръг.csproj", "{6AE3D2BE-4A05-4821-A779-7B0C983B147A}"
EndProject
Global
	GlobalSection(SolutionConfigurationPlatforms) = preSolution
		Debug|Any CPU = Debug|Any CPU
		Release|Any CPU = Release|Any CPU
	EndGlobalSection
	GlobalSection(ProjectConfigurationPlatforms) = postSolution
		{39477B8C-69B5-4C41-85FC-2EB5617FBB6B}.Debug|Any CPU.ActiveCfg = Debug|Any CPU
		{39477B8C-69B5-4C41-85FC-2EB5617FBB6B}.Debug|Any CPU.Build.0 = Debug|Any CPU
		{39477B8C-69B5-4C41-85FC-2EB5617FBB6B}.Release|Any CPU.ActiveCfg = Release|Any CPU
		{39477B8C-69B5-4C41-85FC-2EB5617FBB6B}.Release|Any CPU.Build.0 = Release|Any CPU
		{6AE3D2BE-4A05-4821-A779-7B0C983B147A}.Debug|Any CPU.ActiveCfg = Debug|Any CPU
		{6AE3D2BE-4A05-4821-A779-7B0C983B147A}.Debug|Any CPU.Build.0 = Debug|Any CPU
		{6AE3D2BE-4A05-4821-A779-7B0C983B147A}.Release|Any CPU.ActiveCfg = Release|Any CPU
		{6AE3D2BE-4A05-4821-A779-7B0C983B147A}.Release|Any CPU.Build.0 = Release|Any CPU
	EndGlobalSection
	GlobalSection(SolutionProperties) = preSolution
		HideSolutionNode = FALSE
	EndGlobalSection
	GlobalSection(ExtensibilityGlobals) = postSolution
		SolutionGuid = {24B306FD-F6FA-452F-9C11-514A75A4ABBE}
	EndGlobalSection
EndGlobal
