
Microsoft Visual Studio Solution File, Format Version 12.00
# Visual Studio 15
VisualStudioVersion = 15.0.28010.2036
MinimumVisualStudioVersion = 10.0.40219.1
Project("{FAE04EC0-301F-11D3-BF4B-00C04F79EFBC}") = "Dinamichen masiv", "Dinamichen masiv\Dinamichen masiv.csproj", "{CCC63DC4-FBE0-498B-A7CF-F62F3026A851}"
EndProject
Global
	GlobalSection(SolutionConfigurationPlatforms) = preSolution
		Debug|Any CPU = Debug|Any CPU
		Release|Any CPU = Release|Any CPU
	EndGlobalSection
	GlobalSection(ProjectConfigurationPlatforms) = postSolution
		{CCC63DC4-FBE0-498B-A7CF-F62F3026A851}.Debug|Any CPU.ActiveCfg = Debug|Any CPU
		{CCC63DC4-FBE0-498B-A7CF-F62F3026A851}.Debug|Any CPU.Build.0 = Debug|Any CPU
		{CCC63DC4-FBE0-498B-A7CF-F62F3026A851}.Release|Any CPU.ActiveCfg = Release|Any CPU
		{CCC63DC4-FBE0-498B-A7CF-F62F3026A851}.Release|Any CPU.Build.0 = Release|Any CPU
	EndGlobalSection
	GlobalSection(SolutionProperties) = preSolution
		HideSolutionNode = FALSE
	EndGlobalSection
	GlobalSection(ExtensibilityGlobals) = postSolution
		SolutionGuid = {AF7472A6-21D7-43BA-B28D-5339858EAD1A}
	EndGlobalSection
EndGlobal
