
Microsoft Visual Studio Solution File, Format Version 12.00
# Visual Studio 15
VisualStudioVersion = 15.0.28010.2036
MinimumVisualStudioVersion = 10.0.40219.1
Project("{FAE04EC0-301F-11D3-BF4B-00C04F79EFBC}") = "Izvejda chislo", "Izvejda chislo\Izvejda chislo.csproj", "{2703E494-0FD0-4021-A28A-7ED962A26DF8}"
EndProject
Project("{FAE04EC0-301F-11D3-BF4B-00C04F79EFBC}") = "Sud za voda", "Sud za voda\Sud za voda.csproj", "{08069D63-D93A-47D3-9A1E-95361A40622F}"
EndProject
Global
	GlobalSection(SolutionConfigurationPlatforms) = preSolution
		Debug|Any CPU = Debug|Any CPU
		Release|Any CPU = Release|Any CPU
	EndGlobalSection
	GlobalSection(ProjectConfigurationPlatforms) = postSolution
		{2703E494-0FD0-4021-A28A-7ED962A26DF8}.Debug|Any CPU.ActiveCfg = Debug|Any CPU
		{2703E494-0FD0-4021-A28A-7ED962A26DF8}.Debug|Any CPU.Build.0 = Debug|Any CPU
		{2703E494-0FD0-4021-A28A-7ED962A26DF8}.Release|Any CPU.ActiveCfg = Release|Any CPU
		{2703E494-0FD0-4021-A28A-7ED962A26DF8}.Release|Any CPU.Build.0 = Release|Any CPU
		{08069D63-D93A-47D3-9A1E-95361A40622F}.Debug|Any CPU.ActiveCfg = Debug|Any CPU
		{08069D63-D93A-47D3-9A1E-95361A40622F}.Debug|Any CPU.Build.0 = Debug|Any CPU
		{08069D63-D93A-47D3-9A1E-95361A40622F}.Release|Any CPU.ActiveCfg = Release|Any CPU
		{08069D63-D93A-47D3-9A1E-95361A40622F}.Release|Any CPU.Build.0 = Release|Any CPU
	EndGlobalSection
	GlobalSection(SolutionProperties) = preSolution
		HideSolutionNode = FALSE
	EndGlobalSection
	GlobalSection(ExtensibilityGlobals) = postSolution
		SolutionGuid = {D88B9440-BA33-49B6-A606-0C6C2FE66884}
	EndGlobalSection
EndGlobal
