
Microsoft Visual Studio Solution File, Format Version 12.00
# Visual Studio 15
VisualStudioVersion = 15.0.28010.2036
MinimumVisualStudioVersion = 10.0.40219.1
Project("{FAE04EC0-301F-11D3-BF4B-00C04F79EFBC}") = "Kude e tochkata", "Kude e tochkata\Kude e tochkata.csproj", "{8638FC26-DCB7-42F5-8090-78B3567125A2}"
EndProject
Project("{FAE04EC0-301F-11D3-BF4B-00C04F79EFBC}") = "Prihodi ot bileti", "Prihodi ot bileti\Prihodi ot bileti.csproj", "{EB76A671-AB8E-421F-B3AC-19CFB53FCA18}"
EndProject
Global
	GlobalSection(SolutionConfigurationPlatforms) = preSolution
		Debug|Any CPU = Debug|Any CPU
		Release|Any CPU = Release|Any CPU
	EndGlobalSection
	GlobalSection(ProjectConfigurationPlatforms) = postSolution
		{8638FC26-DCB7-42F5-8090-78B3567125A2}.Debug|Any CPU.ActiveCfg = Debug|Any CPU
		{8638FC26-DCB7-42F5-8090-78B3567125A2}.Debug|Any CPU.Build.0 = Debug|Any CPU
		{8638FC26-DCB7-42F5-8090-78B3567125A2}.Release|Any CPU.ActiveCfg = Release|Any CPU
		{8638FC26-DCB7-42F5-8090-78B3567125A2}.Release|Any CPU.Build.0 = Release|Any CPU
		{EB76A671-AB8E-421F-B3AC-19CFB53FCA18}.Debug|Any CPU.ActiveCfg = Debug|Any CPU
		{EB76A671-AB8E-421F-B3AC-19CFB53FCA18}.Debug|Any CPU.Build.0 = Debug|Any CPU
		{EB76A671-AB8E-421F-B3AC-19CFB53FCA18}.Release|Any CPU.ActiveCfg = Release|Any CPU
		{EB76A671-AB8E-421F-B3AC-19CFB53FCA18}.Release|Any CPU.Build.0 = Release|Any CPU
	EndGlobalSection
	GlobalSection(SolutionProperties) = preSolution
		HideSolutionNode = FALSE
	EndGlobalSection
	GlobalSection(ExtensibilityGlobals) = postSolution
		SolutionGuid = {75C7944E-3228-4A31-A1D3-467DFE84EF99}
	EndGlobalSection
EndGlobal
